
Microsoft Visual Studio Solution File, Format Version 12.00
# Visual Studio Version 17
VisualStudioVersion = 17.7.34003.232
MinimumVisualStudioVersion = 10.0.40219.1
Project("{FAE04EC0-301F-11D3-BF4B-00C04F79EFBC}") = "CursoWindowsForms2", "CursoWindowsForms2\CursoWindowsForms2.csproj", "{8D77CE7D-1568-4E2B-AB69-54707DEF766B}"
EndProject
Project("{FAE04EC0-301F-11D3-BF4B-00C04F79EFBC}") = "CursoWindowsFormsBiblioteca", "CursoWindowsFormsBiblioteca\CursoWindowsFormsBiblioteca.csproj", "{6D573316-94E5-4534-A72E-18C4C0D54AD8}"
EndProject
Global
	GlobalSection(SolutionConfigurationPlatforms) = preSolution
		Debug|Any CPU = Debug|Any CPU
		Release|Any CPU = Release|Any CPU
	EndGlobalSection
	GlobalSection(ProjectConfigurationPlatforms) = postSolution
		{8D77CE7D-1568-4E2B-AB69-54707DEF766B}.Debug|Any CPU.ActiveCfg = Debug|Any CPU
		{8D77CE7D-1568-4E2B-AB69-54707DEF766B}.Debug|Any CPU.Build.0 = Debug|Any CPU
		{8D77CE7D-1568-4E2B-AB69-54707DEF766B}.Release|Any CPU.ActiveCfg = Release|Any CPU
		{8D77CE7D-1568-4E2B-AB69-54707DEF766B}.Release|Any CPU.Build.0 = Release|Any CPU
		{6D573316-94E5-4534-A72E-18C4C0D54AD8}.Debug|Any CPU.ActiveCfg = Debug|Any CPU
		{6D573316-94E5-4534-A72E-18C4C0D54AD8}.Debug|Any CPU.Build.0 = Debug|Any CPU
		{6D573316-94E5-4534-A72E-18C4C0D54AD8}.Release|Any CPU.ActiveCfg = Release|Any CPU
		{6D573316-94E5-4534-A72E-18C4C0D54AD8}.Release|Any CPU.Build.0 = Release|Any CPU
	EndGlobalSection
	GlobalSection(SolutionProperties) = preSolution
		HideSolutionNode = FALSE
	EndGlobalSection
	GlobalSection(ExtensibilityGlobals) = postSolution
		SolutionGuid = {7DCA17AE-C17A-498B-BBE3-359E89D4FBD0}
	EndGlobalSection
EndGlobal
